
Microsoft Visual Studio Solution File, Format Version 12.00
# Visual Studio Version 16
VisualStudioVersion = 16.0.30804.86
MinimumVisualStudioVersion = 10.0.40219.1
Project("{FAE04EC0-301F-11D3-BF4B-00C04F79EFBC}") = "MyDictionaryOdev", "MyDictionaryOdev\MyDictionaryOdev.csproj", "{5AC278EA-AC54-4E0F-AC29-AA4D366EA604}"
EndProject
Global
	GlobalSection(SolutionConfigurationPlatforms) = preSolution
		Debug|Any CPU = Debug|Any CPU
		Release|Any CPU = Release|Any CPU
	EndGlobalSection
	GlobalSection(ProjectConfigurationPlatforms) = postSolution
		{5AC278EA-AC54-4E0F-AC29-AA4D366EA604}.Debug|Any CPU.ActiveCfg = Debug|Any CPU
		{5AC278EA-AC54-4E0F-AC29-AA4D366EA604}.Debug|Any CPU.Build.0 = Debug|Any CPU
		{5AC278EA-AC54-4E0F-AC29-AA4D366EA604}.Release|Any CPU.ActiveCfg = Release|Any CPU
		{5AC278EA-AC54-4E0F-AC29-AA4D366EA604}.Release|Any CPU.Build.0 = Release|Any CPU
	EndGlobalSection
	GlobalSection(SolutionProperties) = preSolution
		HideSolutionNode = FALSE
	EndGlobalSection
	GlobalSection(ExtensibilityGlobals) = postSolution
		SolutionGuid = {9E36139B-3960-4154-804A-DEC5C99675F7}
	EndGlobalSection
EndGlobal
